
Microsoft Visual Studio Solution File, Format Version 12.00
# Visual Studio Version 17
VisualStudioVersion = 17.1.32210.238
MinimumVisualStudioVersion = 10.0.40219.1
Project("{FAE04EC0-301F-11D3-BF4B-00C04F79EFBC}") = "台大開放課程2", "台大開放課程2\台大開放課程2.csproj", "{AB16F6A1-29ED-4FC5-8616-29D0DC842397}"
EndProject
Global
	GlobalSection(SolutionConfigurationPlatforms) = preSolution
		Debug|Any CPU = Debug|Any CPU
		Release|Any CPU = Release|Any CPU
	EndGlobalSection
	GlobalSection(ProjectConfigurationPlatforms) = postSolution
		{AB16F6A1-29ED-4FC5-8616-29D0DC842397}.Debug|Any CPU.ActiveCfg = Debug|Any CPU
		{AB16F6A1-29ED-4FC5-8616-29D0DC842397}.Debug|Any CPU.Build.0 = Debug|Any CPU
		{AB16F6A1-29ED-4FC5-8616-29D0DC842397}.Release|Any CPU.ActiveCfg = Release|Any CPU
		{AB16F6A1-29ED-4FC5-8616-29D0DC842397}.Release|Any CPU.Build.0 = Release|Any CPU
	EndGlobalSection
	GlobalSection(SolutionProperties) = preSolution
		HideSolutionNode = FALSE
	EndGlobalSection
	GlobalSection(ExtensibilityGlobals) = postSolution
		SolutionGuid = {2B66B468-8F66-44F6-B186-92FBEB16131F}
	EndGlobalSection
EndGlobal
