
Microsoft Visual Studio Solution File, Format Version 12.00
# Visual Studio Version 17
VisualStudioVersion = 17.1.32210.238
MinimumVisualStudioVersion = 10.0.40219.1
Project("{FAE04EC0-301F-11D3-BF4B-00C04F79EFBC}") = "小山ifelse", "小山ifelse\小山ifelse.csproj", "{CDED58D8-0ED5-4AE9-B9A4-10B3519B0977}"
EndProject
Global
	GlobalSection(SolutionConfigurationPlatforms) = preSolution
		Debug|Any CPU = Debug|Any CPU
		Release|Any CPU = Release|Any CPU
	EndGlobalSection
	GlobalSection(ProjectConfigurationPlatforms) = postSolution
		{CDED58D8-0ED5-4AE9-B9A4-10B3519B0977}.Debug|Any CPU.ActiveCfg = Debug|Any CPU
		{CDED58D8-0ED5-4AE9-B9A4-10B3519B0977}.Debug|Any CPU.Build.0 = Debug|Any CPU
		{CDED58D8-0ED5-4AE9-B9A4-10B3519B0977}.Release|Any CPU.ActiveCfg = Release|Any CPU
		{CDED58D8-0ED5-4AE9-B9A4-10B3519B0977}.Release|Any CPU.Build.0 = Release|Any CPU
	EndGlobalSection
	GlobalSection(SolutionProperties) = preSolution
		HideSolutionNode = FALSE
	EndGlobalSection
	GlobalSection(ExtensibilityGlobals) = postSolution
		SolutionGuid = {3022734A-A9EF-433F-AC44-98C48D1B4C36}
	EndGlobalSection
EndGlobal
