
Microsoft Visual Studio Solution File, Format Version 12.00
# Visual Studio Version 17
VisualStudioVersion = 17.2.32616.157
MinimumVisualStudioVersion = 10.0.40219.1
Project("{FAE04EC0-301F-11D3-BF4B-00C04F79EFBC}") = "SQLTest", "SQLTest\SQLTest.csproj", "{8B27E430-8B03-40C1-85A7-E3FA7DE95D84}"
EndProject
Global
	GlobalSection(SolutionConfigurationPlatforms) = preSolution
		Debug|Any CPU = Debug|Any CPU
		Release|Any CPU = Release|Any CPU
	EndGlobalSection
	GlobalSection(ProjectConfigurationPlatforms) = postSolution
		{8B27E430-8B03-40C1-85A7-E3FA7DE95D84}.Debug|Any CPU.ActiveCfg = Debug|Any CPU
		{8B27E430-8B03-40C1-85A7-E3FA7DE95D84}.Debug|Any CPU.Build.0 = Debug|Any CPU
		{8B27E430-8B03-40C1-85A7-E3FA7DE95D84}.Release|Any CPU.ActiveCfg = Release|Any CPU
		{8B27E430-8B03-40C1-85A7-E3FA7DE95D84}.Release|Any CPU.Build.0 = Release|Any CPU
	EndGlobalSection
	GlobalSection(SolutionProperties) = preSolution
		HideSolutionNode = FALSE
	EndGlobalSection
	GlobalSection(ExtensibilityGlobals) = postSolution
		SolutionGuid = {913BB4BB-4869-4637-9740-0A7B78349ECC}
	EndGlobalSection
EndGlobal
