
Microsoft Visual Studio Solution File, Format Version 12.00
# Visual Studio Version 17
VisualStudioVersion = 17.3.32929.385
MinimumVisualStudioVersion = 10.0.40219.1
Project("{FAE04EC0-301F-11D3-BF4B-00C04F79EFBC}") = "IO_FileInfo", "IO_FileInfo\IO_FileInfo.csproj", "{94CB161E-26C6-428A-AE16-A8AD25AF57EE}"
EndProject
Global
	GlobalSection(SolutionConfigurationPlatforms) = preSolution
		Debug|Any CPU = Debug|Any CPU
		Release|Any CPU = Release|Any CPU
	EndGlobalSection
	GlobalSection(ProjectConfigurationPlatforms) = postSolution
		{94CB161E-26C6-428A-AE16-A8AD25AF57EE}.Debug|Any CPU.ActiveCfg = Debug|Any CPU
		{94CB161E-26C6-428A-AE16-A8AD25AF57EE}.Debug|Any CPU.Build.0 = Debug|Any CPU
		{94CB161E-26C6-428A-AE16-A8AD25AF57EE}.Release|Any CPU.ActiveCfg = Release|Any CPU
		{94CB161E-26C6-428A-AE16-A8AD25AF57EE}.Release|Any CPU.Build.0 = Release|Any CPU
	EndGlobalSection
	GlobalSection(SolutionProperties) = preSolution
		HideSolutionNode = FALSE
	EndGlobalSection
	GlobalSection(ExtensibilityGlobals) = postSolution
		SolutionGuid = {3660925D-8F5B-40AF-9788-3CD1732AD6D7}
	EndGlobalSection
EndGlobal
