
Microsoft Visual Studio Solution File, Format Version 12.00
# Visual Studio Version 17
VisualStudioVersion = 17.2.32616.157
MinimumVisualStudioVersion = 10.0.40219.1
Project("{FAE04EC0-301F-11D3-BF4B-00C04F79EFBC}") = "插入陣列資料", "插入陣列資料\插入陣列資料.csproj", "{2E169E48-166C-4D3A-A68E-2EB150C10366}"
EndProject
Global
	GlobalSection(SolutionConfigurationPlatforms) = preSolution
		Debug|Any CPU = Debug|Any CPU
		Release|Any CPU = Release|Any CPU
	EndGlobalSection
	GlobalSection(ProjectConfigurationPlatforms) = postSolution
		{2E169E48-166C-4D3A-A68E-2EB150C10366}.Debug|Any CPU.ActiveCfg = Debug|Any CPU
		{2E169E48-166C-4D3A-A68E-2EB150C10366}.Debug|Any CPU.Build.0 = Debug|Any CPU
		{2E169E48-166C-4D3A-A68E-2EB150C10366}.Release|Any CPU.ActiveCfg = Release|Any CPU
		{2E169E48-166C-4D3A-A68E-2EB150C10366}.Release|Any CPU.Build.0 = Release|Any CPU
	EndGlobalSection
	GlobalSection(SolutionProperties) = preSolution
		HideSolutionNode = FALSE
	EndGlobalSection
	GlobalSection(ExtensibilityGlobals) = postSolution
		SolutionGuid = {A7B10697-2092-40ED-A806-E754FF36ACDC}
	EndGlobalSection
EndGlobal
