
Microsoft Visual Studio Solution File, Format Version 12.00
# Visual Studio Version 17
VisualStudioVersion = 17.1.32407.343
MinimumVisualStudioVersion = 10.0.40219.1
Project("{FAE04EC0-301F-11D3-BF4B-00C04F79EFBC}") = "樹木投票", "樹木投票\樹木投票.csproj", "{AE0AF31A-35C6-455B-ADC8-2E7E4FD2A7A4}"
EndProject
Global
	GlobalSection(SolutionConfigurationPlatforms) = preSolution
		Debug|Any CPU = Debug|Any CPU
		Release|Any CPU = Release|Any CPU
	EndGlobalSection
	GlobalSection(ProjectConfigurationPlatforms) = postSolution
		{AE0AF31A-35C6-455B-ADC8-2E7E4FD2A7A4}.Debug|Any CPU.ActiveCfg = Debug|Any CPU
		{AE0AF31A-35C6-455B-ADC8-2E7E4FD2A7A4}.Debug|Any CPU.Build.0 = Debug|Any CPU
		{AE0AF31A-35C6-455B-ADC8-2E7E4FD2A7A4}.Release|Any CPU.ActiveCfg = Release|Any CPU
		{AE0AF31A-35C6-455B-ADC8-2E7E4FD2A7A4}.Release|Any CPU.Build.0 = Release|Any CPU
	EndGlobalSection
	GlobalSection(SolutionProperties) = preSolution
		HideSolutionNode = FALSE
	EndGlobalSection
	GlobalSection(ExtensibilityGlobals) = postSolution
		SolutionGuid = {E8BD67B5-5C8B-4CB2-8958-9903A5EEE7F9}
	EndGlobalSection
EndGlobal
