
Microsoft Visual Studio Solution File, Format Version 12.00
# Visual Studio Version 17
VisualStudioVersion = 17.3.32929.385
MinimumVisualStudioVersion = 10.0.40219.1
Project("{FAE04EC0-301F-11D3-BF4B-00C04F79EFBC}") = "_Zip", "_Zip\_Zip.csproj", "{93C814C6-BEA4-4E45-B7EA-9C82A96E75EA}"
EndProject
Global
	GlobalSection(SolutionConfigurationPlatforms) = preSolution
		Debug|Any CPU = Debug|Any CPU
		Release|Any CPU = Release|Any CPU
	EndGlobalSection
	GlobalSection(ProjectConfigurationPlatforms) = postSolution
		{93C814C6-BEA4-4E45-B7EA-9C82A96E75EA}.Debug|Any CPU.ActiveCfg = Debug|Any CPU
		{93C814C6-BEA4-4E45-B7EA-9C82A96E75EA}.Debug|Any CPU.Build.0 = Debug|Any CPU
		{93C814C6-BEA4-4E45-B7EA-9C82A96E75EA}.Release|Any CPU.ActiveCfg = Release|Any CPU
		{93C814C6-BEA4-4E45-B7EA-9C82A96E75EA}.Release|Any CPU.Build.0 = Release|Any CPU
	EndGlobalSection
	GlobalSection(SolutionProperties) = preSolution
		HideSolutionNode = FALSE
	EndGlobalSection
	GlobalSection(ExtensibilityGlobals) = postSolution
		SolutionGuid = {BA5FF7DF-FC83-4D67-A020-AFEE721DF58C}
	EndGlobalSection
EndGlobal
