
Microsoft Visual Studio Solution File, Format Version 12.00
# Visual Studio Version 17
VisualStudioVersion = 17.2.32616.157
MinimumVisualStudioVersion = 10.0.40219.1
Project("{FAE04EC0-301F-11D3-BF4B-00C04F79EFBC}") = "電腦周邊採買", "電腦周邊採買\電腦周邊採買.csproj", "{F107D95C-1D11-4F00-9C9D-AE1A8F3D235E}"
EndProject
Global
	GlobalSection(SolutionConfigurationPlatforms) = preSolution
		Debug|Any CPU = Debug|Any CPU
		Release|Any CPU = Release|Any CPU
	EndGlobalSection
	GlobalSection(ProjectConfigurationPlatforms) = postSolution
		{F107D95C-1D11-4F00-9C9D-AE1A8F3D235E}.Debug|Any CPU.ActiveCfg = Debug|Any CPU
		{F107D95C-1D11-4F00-9C9D-AE1A8F3D235E}.Debug|Any CPU.Build.0 = Debug|Any CPU
		{F107D95C-1D11-4F00-9C9D-AE1A8F3D235E}.Release|Any CPU.ActiveCfg = Release|Any CPU
		{F107D95C-1D11-4F00-9C9D-AE1A8F3D235E}.Release|Any CPU.Build.0 = Release|Any CPU
	EndGlobalSection
	GlobalSection(SolutionProperties) = preSolution
		HideSolutionNode = FALSE
	EndGlobalSection
	GlobalSection(ExtensibilityGlobals) = postSolution
		SolutionGuid = {415B1BCB-3FB1-43EB-88C4-AC385F668F2C}
	EndGlobalSection
EndGlobal
