
Microsoft Visual Studio Solution File, Format Version 12.00
# Visual Studio Version 17
VisualStudioVersion = 17.2.32616.157
MinimumVisualStudioVersion = 10.0.40219.1
Project("{FAE04EC0-301F-11D3-BF4B-00C04F79EFBC}") = "WinSystemSounds", "WinSystemSounds\WinSystemSounds.csproj", "{6DC17A8E-90EB-4891-A5A0-8EEA7DB63733}"
EndProject
Global
	GlobalSection(SolutionConfigurationPlatforms) = preSolution
		Debug|Any CPU = Debug|Any CPU
		Release|Any CPU = Release|Any CPU
	EndGlobalSection
	GlobalSection(ProjectConfigurationPlatforms) = postSolution
		{6DC17A8E-90EB-4891-A5A0-8EEA7DB63733}.Debug|Any CPU.ActiveCfg = Debug|Any CPU
		{6DC17A8E-90EB-4891-A5A0-8EEA7DB63733}.Debug|Any CPU.Build.0 = Debug|Any CPU
		{6DC17A8E-90EB-4891-A5A0-8EEA7DB63733}.Release|Any CPU.ActiveCfg = Release|Any CPU
		{6DC17A8E-90EB-4891-A5A0-8EEA7DB63733}.Release|Any CPU.Build.0 = Release|Any CPU
	EndGlobalSection
	GlobalSection(SolutionProperties) = preSolution
		HideSolutionNode = FALSE
	EndGlobalSection
	GlobalSection(ExtensibilityGlobals) = postSolution
		SolutionGuid = {14F10AA1-9A46-4D70-9335-EDAD0402B598}
	EndGlobalSection
EndGlobal
