
Microsoft Visual Studio Solution File, Format Version 12.00
# Visual Studio Version 17
VisualStudioVersion = 17.2.32616.157
MinimumVisualStudioVersion = 10.0.40219.1
Project("{FAE04EC0-301F-11D3-BF4B-00C04F79EFBC}") = "StuScore", "StuScore\StuScore.csproj", "{DD123F9C-FB81-4C9F-A8C9-4593120DE407}"
EndProject
Global
	GlobalSection(SolutionConfigurationPlatforms) = preSolution
		Debug|Any CPU = Debug|Any CPU
		Release|Any CPU = Release|Any CPU
	EndGlobalSection
	GlobalSection(ProjectConfigurationPlatforms) = postSolution
		{DD123F9C-FB81-4C9F-A8C9-4593120DE407}.Debug|Any CPU.ActiveCfg = Debug|Any CPU
		{DD123F9C-FB81-4C9F-A8C9-4593120DE407}.Debug|Any CPU.Build.0 = Debug|Any CPU
		{DD123F9C-FB81-4C9F-A8C9-4593120DE407}.Release|Any CPU.ActiveCfg = Release|Any CPU
		{DD123F9C-FB81-4C9F-A8C9-4593120DE407}.Release|Any CPU.Build.0 = Release|Any CPU
	EndGlobalSection
	GlobalSection(SolutionProperties) = preSolution
		HideSolutionNode = FALSE
	EndGlobalSection
	GlobalSection(ExtensibilityGlobals) = postSolution
		SolutionGuid = {9270D1FE-ACFB-4149-99E5-89319D52BDE4}
	EndGlobalSection
EndGlobal
