
Microsoft Visual Studio Solution File, Format Version 12.00
# Visual Studio Version 17
VisualStudioVersion = 17.2.32616.157
MinimumVisualStudioVersion = 10.0.40219.1
Project("{FAE04EC0-301F-11D3-BF4B-00C04F79EFBC}") = "LittleBoy", "LittleBoy\LittleBoy.csproj", "{17CB82CB-2A7C-4FE0-A566-F28C3FFA488B}"
EndProject
Global
	GlobalSection(SolutionConfigurationPlatforms) = preSolution
		Debug|Any CPU = Debug|Any CPU
		Release|Any CPU = Release|Any CPU
	EndGlobalSection
	GlobalSection(ProjectConfigurationPlatforms) = postSolution
		{17CB82CB-2A7C-4FE0-A566-F28C3FFA488B}.Debug|Any CPU.ActiveCfg = Debug|Any CPU
		{17CB82CB-2A7C-4FE0-A566-F28C3FFA488B}.Debug|Any CPU.Build.0 = Debug|Any CPU
		{17CB82CB-2A7C-4FE0-A566-F28C3FFA488B}.Release|Any CPU.ActiveCfg = Release|Any CPU
		{17CB82CB-2A7C-4FE0-A566-F28C3FFA488B}.Release|Any CPU.Build.0 = Release|Any CPU
	EndGlobalSection
	GlobalSection(SolutionProperties) = preSolution
		HideSolutionNode = FALSE
	EndGlobalSection
	GlobalSection(ExtensibilityGlobals) = postSolution
		SolutionGuid = {47379D29-11AC-4F78-92D0-301D1868E10C}
	EndGlobalSection
EndGlobal
