
Microsoft Visual Studio Solution File, Format Version 12.00
# Visual Studio Version 17
VisualStudioVersion = 17.2.32616.157
MinimumVisualStudioVersion = 10.0.40219.1
Project("{FAE04EC0-301F-11D3-BF4B-00C04F79EFBC}") = "LV動態建立", "LV動態建立\LV動態建立.csproj", "{A5F4FE5E-228A-4CFE-B7CF-5B2282F071F9}"
EndProject
Global
	GlobalSection(SolutionConfigurationPlatforms) = preSolution
		Debug|Any CPU = Debug|Any CPU
		Release|Any CPU = Release|Any CPU
	EndGlobalSection
	GlobalSection(ProjectConfigurationPlatforms) = postSolution
		{A5F4FE5E-228A-4CFE-B7CF-5B2282F071F9}.Debug|Any CPU.ActiveCfg = Debug|Any CPU
		{A5F4FE5E-228A-4CFE-B7CF-5B2282F071F9}.Debug|Any CPU.Build.0 = Debug|Any CPU
		{A5F4FE5E-228A-4CFE-B7CF-5B2282F071F9}.Release|Any CPU.ActiveCfg = Release|Any CPU
		{A5F4FE5E-228A-4CFE-B7CF-5B2282F071F9}.Release|Any CPU.Build.0 = Release|Any CPU
	EndGlobalSection
	GlobalSection(SolutionProperties) = preSolution
		HideSolutionNode = FALSE
	EndGlobalSection
	GlobalSection(ExtensibilityGlobals) = postSolution
		SolutionGuid = {992291B0-4E13-4D2F-967F-DFA76B1588EF}
	EndGlobalSection
EndGlobal
