
Microsoft Visual Studio Solution File, Format Version 12.00
# Visual Studio Version 17
VisualStudioVersion = 17.2.32616.157
MinimumVisualStudioVersion = 10.0.40219.1
Project("{FAE04EC0-301F-11D3-BF4B-00C04F79EFBC}") = "JaggedArray", "JaggedArray\JaggedArray.csproj", "{AFA621AB-E123-4050-92BD-1CD9FFA4114C}"
EndProject
Global
	GlobalSection(SolutionConfigurationPlatforms) = preSolution
		Debug|Any CPU = Debug|Any CPU
		Release|Any CPU = Release|Any CPU
	EndGlobalSection
	GlobalSection(ProjectConfigurationPlatforms) = postSolution
		{AFA621AB-E123-4050-92BD-1CD9FFA4114C}.Debug|Any CPU.ActiveCfg = Debug|Any CPU
		{AFA621AB-E123-4050-92BD-1CD9FFA4114C}.Debug|Any CPU.Build.0 = Debug|Any CPU
		{AFA621AB-E123-4050-92BD-1CD9FFA4114C}.Release|Any CPU.ActiveCfg = Release|Any CPU
		{AFA621AB-E123-4050-92BD-1CD9FFA4114C}.Release|Any CPU.Build.0 = Release|Any CPU
	EndGlobalSection
	GlobalSection(SolutionProperties) = preSolution
		HideSolutionNode = FALSE
	EndGlobalSection
	GlobalSection(ExtensibilityGlobals) = postSolution
		SolutionGuid = {1ED97341-22B8-4B2D-B20B-832B72E4D92B}
	EndGlobalSection
EndGlobal
