
Microsoft Visual Studio Solution File, Format Version 12.00
# Visual Studio Version 17
VisualStudioVersion = 17.1.32407.343
MinimumVisualStudioVersion = 10.0.40219.1
Project("{FAE04EC0-301F-11D3-BF4B-00C04F79EFBC}") = "Hit", "Hit\Hit.csproj", "{35C39829-6FFA-4A4E-ABC7-317692A02182}"
EndProject
Global
	GlobalSection(SolutionConfigurationPlatforms) = preSolution
		Debug|Any CPU = Debug|Any CPU
		Release|Any CPU = Release|Any CPU
	EndGlobalSection
	GlobalSection(ProjectConfigurationPlatforms) = postSolution
		{35C39829-6FFA-4A4E-ABC7-317692A02182}.Debug|Any CPU.ActiveCfg = Debug|Any CPU
		{35C39829-6FFA-4A4E-ABC7-317692A02182}.Debug|Any CPU.Build.0 = Debug|Any CPU
		{35C39829-6FFA-4A4E-ABC7-317692A02182}.Release|Any CPU.ActiveCfg = Release|Any CPU
		{35C39829-6FFA-4A4E-ABC7-317692A02182}.Release|Any CPU.Build.0 = Release|Any CPU
	EndGlobalSection
	GlobalSection(SolutionProperties) = preSolution
		HideSolutionNode = FALSE
	EndGlobalSection
	GlobalSection(ExtensibilityGlobals) = postSolution
		SolutionGuid = {CD1C101B-BC68-4D2C-A8A5-AB722EB9A4D9}
	EndGlobalSection
EndGlobal
