
Microsoft Visual Studio Solution File, Format Version 12.00
# Visual Studio Version 17
VisualStudioVersion = 17.1.32407.343
MinimumVisualStudioVersion = 10.0.40219.1
Project("{FAE04EC0-301F-11D3-BF4B-00C04F79EFBC}") = "WinCard", "WinCard\WinCard.csproj", "{C75013AA-FE7F-4924-889D-FD716F81232E}"
EndProject
Global
	GlobalSection(SolutionConfigurationPlatforms) = preSolution
		Debug|Any CPU = Debug|Any CPU
		Release|Any CPU = Release|Any CPU
	EndGlobalSection
	GlobalSection(ProjectConfigurationPlatforms) = postSolution
		{C75013AA-FE7F-4924-889D-FD716F81232E}.Debug|Any CPU.ActiveCfg = Debug|Any CPU
		{C75013AA-FE7F-4924-889D-FD716F81232E}.Debug|Any CPU.Build.0 = Debug|Any CPU
		{C75013AA-FE7F-4924-889D-FD716F81232E}.Release|Any CPU.ActiveCfg = Release|Any CPU
		{C75013AA-FE7F-4924-889D-FD716F81232E}.Release|Any CPU.Build.0 = Release|Any CPU
	EndGlobalSection
	GlobalSection(SolutionProperties) = preSolution
		HideSolutionNode = FALSE
	EndGlobalSection
	GlobalSection(ExtensibilityGlobals) = postSolution
		SolutionGuid = {36862C89-D527-4D58-8934-12DC33996CD3}
	EndGlobalSection
EndGlobal
