
Microsoft Visual Studio Solution File, Format Version 12.00
# Visual Studio Version 17
VisualStudioVersion = 17.4.33122.133
MinimumVisualStudioVersion = 10.0.40219.1
Project("{FAE04EC0-301F-11D3-BF4B-00C04F79EFBC}") = "影像繪圖", "影像繪圖\影像繪圖.csproj", "{3F1EA3B5-486B-46E5-BE1F-C84FE08EB17A}"
EndProject
Global
	GlobalSection(SolutionConfigurationPlatforms) = preSolution
		Debug|Any CPU = Debug|Any CPU
		Release|Any CPU = Release|Any CPU
	EndGlobalSection
	GlobalSection(ProjectConfigurationPlatforms) = postSolution
		{3F1EA3B5-486B-46E5-BE1F-C84FE08EB17A}.Debug|Any CPU.ActiveCfg = Debug|Any CPU
		{3F1EA3B5-486B-46E5-BE1F-C84FE08EB17A}.Debug|Any CPU.Build.0 = Debug|Any CPU
		{3F1EA3B5-486B-46E5-BE1F-C84FE08EB17A}.Release|Any CPU.ActiveCfg = Release|Any CPU
		{3F1EA3B5-486B-46E5-BE1F-C84FE08EB17A}.Release|Any CPU.Build.0 = Release|Any CPU
	EndGlobalSection
	GlobalSection(SolutionProperties) = preSolution
		HideSolutionNode = FALSE
	EndGlobalSection
	GlobalSection(ExtensibilityGlobals) = postSolution
		SolutionGuid = {04C6E8F2-BDF0-4B2A-9BD5-645EDA4F02FF}
	EndGlobalSection
EndGlobal
