
Microsoft Visual Studio Solution File, Format Version 12.00
# Visual Studio Version 17
VisualStudioVersion = 17.2.32616.157
MinimumVisualStudioVersion = 10.0.40219.1
Project("{FAE04EC0-301F-11D3-BF4B-00C04F79EFBC}") = "Interface2", "Interface2\Interface2.csproj", "{802613CB-5045-49D7-8BC6-4C597137FC23}"
EndProject
Global
	GlobalSection(SolutionConfigurationPlatforms) = preSolution
		Debug|Any CPU = Debug|Any CPU
		Release|Any CPU = Release|Any CPU
	EndGlobalSection
	GlobalSection(ProjectConfigurationPlatforms) = postSolution
		{802613CB-5045-49D7-8BC6-4C597137FC23}.Debug|Any CPU.ActiveCfg = Debug|Any CPU
		{802613CB-5045-49D7-8BC6-4C597137FC23}.Debug|Any CPU.Build.0 = Debug|Any CPU
		{802613CB-5045-49D7-8BC6-4C597137FC23}.Release|Any CPU.ActiveCfg = Release|Any CPU
		{802613CB-5045-49D7-8BC6-4C597137FC23}.Release|Any CPU.Build.0 = Release|Any CPU
	EndGlobalSection
	GlobalSection(SolutionProperties) = preSolution
		HideSolutionNode = FALSE
	EndGlobalSection
	GlobalSection(ExtensibilityGlobals) = postSolution
		SolutionGuid = {7AD5B998-C51D-49A0-A98D-1BFDA0FA8CCC}
	EndGlobalSection
EndGlobal
