
Microsoft Visual Studio Solution File, Format Version 12.00
# Visual Studio Version 17
VisualStudioVersion = 17.2.32616.157
MinimumVisualStudioVersion = 10.0.40219.1
Project("{FAE04EC0-301F-11D3-BF4B-00C04F79EFBC}") = "Overload1", "Overload1\Overload1.csproj", "{30F26AC3-0753-4AC5-A088-B541AC7E5354}"
EndProject
Global
	GlobalSection(SolutionConfigurationPlatforms) = preSolution
		Debug|Any CPU = Debug|Any CPU
		Release|Any CPU = Release|Any CPU
	EndGlobalSection
	GlobalSection(ProjectConfigurationPlatforms) = postSolution
		{30F26AC3-0753-4AC5-A088-B541AC7E5354}.Debug|Any CPU.ActiveCfg = Debug|Any CPU
		{30F26AC3-0753-4AC5-A088-B541AC7E5354}.Debug|Any CPU.Build.0 = Debug|Any CPU
		{30F26AC3-0753-4AC5-A088-B541AC7E5354}.Release|Any CPU.ActiveCfg = Release|Any CPU
		{30F26AC3-0753-4AC5-A088-B541AC7E5354}.Release|Any CPU.Build.0 = Release|Any CPU
	EndGlobalSection
	GlobalSection(SolutionProperties) = preSolution
		HideSolutionNode = FALSE
	EndGlobalSection
	GlobalSection(ExtensibilityGlobals) = postSolution
		SolutionGuid = {F97F94AF-BADC-4690-86C4-B6A476AD4595}
	EndGlobalSection
EndGlobal
