
Microsoft Visual Studio Solution File, Format Version 12.00
# Visual Studio Version 17
VisualStudioVersion = 17.4.33122.133
MinimumVisualStudioVersion = 10.0.40219.1
Project("{FAE04EC0-301F-11D3-BF4B-00C04F79EFBC}") = "小畫家", "小畫家\小畫家.csproj", "{4C86F9E0-9E2D-4C7B-8D41-674050F1DB60}"
EndProject
Global
	GlobalSection(SolutionConfigurationPlatforms) = preSolution
		Debug|Any CPU = Debug|Any CPU
		Release|Any CPU = Release|Any CPU
	EndGlobalSection
	GlobalSection(ProjectConfigurationPlatforms) = postSolution
		{4C86F9E0-9E2D-4C7B-8D41-674050F1DB60}.Debug|Any CPU.ActiveCfg = Debug|Any CPU
		{4C86F9E0-9E2D-4C7B-8D41-674050F1DB60}.Debug|Any CPU.Build.0 = Debug|Any CPU
		{4C86F9E0-9E2D-4C7B-8D41-674050F1DB60}.Release|Any CPU.ActiveCfg = Release|Any CPU
		{4C86F9E0-9E2D-4C7B-8D41-674050F1DB60}.Release|Any CPU.Build.0 = Release|Any CPU
	EndGlobalSection
	GlobalSection(SolutionProperties) = preSolution
		HideSolutionNode = FALSE
	EndGlobalSection
	GlobalSection(ExtensibilityGlobals) = postSolution
		SolutionGuid = {64A736D1-8625-41ED-AD54-EC0A414DED1C}
	EndGlobalSection
EndGlobal
