
Microsoft Visual Studio Solution File, Format Version 12.00
# Visual Studio Version 17
VisualStudioVersion = 17.4.33122.133
MinimumVisualStudioVersion = 10.0.40219.1
Project("{FAE04EC0-301F-11D3-BF4B-00C04F79EFBC}") = "獨立控制項", "獨立控制項\獨立控制項.csproj", "{B53FA73D-DE3C-43B7-A4C8-92573FF542B2}"
EndProject
Global
	GlobalSection(SolutionConfigurationPlatforms) = preSolution
		Debug|Any CPU = Debug|Any CPU
		Release|Any CPU = Release|Any CPU
	EndGlobalSection
	GlobalSection(ProjectConfigurationPlatforms) = postSolution
		{B53FA73D-DE3C-43B7-A4C8-92573FF542B2}.Debug|Any CPU.ActiveCfg = Debug|Any CPU
		{B53FA73D-DE3C-43B7-A4C8-92573FF542B2}.Debug|Any CPU.Build.0 = Debug|Any CPU
		{B53FA73D-DE3C-43B7-A4C8-92573FF542B2}.Release|Any CPU.ActiveCfg = Release|Any CPU
		{B53FA73D-DE3C-43B7-A4C8-92573FF542B2}.Release|Any CPU.Build.0 = Release|Any CPU
	EndGlobalSection
	GlobalSection(SolutionProperties) = preSolution
		HideSolutionNode = FALSE
	EndGlobalSection
	GlobalSection(ExtensibilityGlobals) = postSolution
		SolutionGuid = {B295ED84-D2B6-4CB5-812E-A24BA45B1B50}
	EndGlobalSection
EndGlobal
