
Microsoft Visual Studio Solution File, Format Version 12.00
# Visual Studio Version 17
VisualStudioVersion = 17.1.32210.238
MinimumVisualStudioVersion = 10.0.40219.1
Project("{FAE04EC0-301F-11D3-BF4B-00C04F79EFBC}") = "放置圖片", "放置圖片\放置圖片.csproj", "{7588E3B5-FC8A-4F23-984C-5A3F62BADA6D}"
EndProject
Global
	GlobalSection(SolutionConfigurationPlatforms) = preSolution
		Debug|Any CPU = Debug|Any CPU
		Release|Any CPU = Release|Any CPU
	EndGlobalSection
	GlobalSection(ProjectConfigurationPlatforms) = postSolution
		{7588E3B5-FC8A-4F23-984C-5A3F62BADA6D}.Debug|Any CPU.ActiveCfg = Debug|Any CPU
		{7588E3B5-FC8A-4F23-984C-5A3F62BADA6D}.Debug|Any CPU.Build.0 = Debug|Any CPU
		{7588E3B5-FC8A-4F23-984C-5A3F62BADA6D}.Release|Any CPU.ActiveCfg = Release|Any CPU
		{7588E3B5-FC8A-4F23-984C-5A3F62BADA6D}.Release|Any CPU.Build.0 = Release|Any CPU
	EndGlobalSection
	GlobalSection(SolutionProperties) = preSolution
		HideSolutionNode = FALSE
	EndGlobalSection
	GlobalSection(ExtensibilityGlobals) = postSolution
		SolutionGuid = {A08E734C-F39E-4E9C-B1E9-682BF7FD3BDD}
	EndGlobalSection
EndGlobal
