
Microsoft Visual Studio Solution File, Format Version 12.00
# Visual Studio Version 17
VisualStudioVersion = 17.1.32210.238
MinimumVisualStudioVersion = 10.0.40219.1
Project("{FAE04EC0-301F-11D3-BF4B-00C04F79EFBC}") = "台大開放課程4", "台大開放課程4\台大開放課程4.csproj", "{BF99CA9A-B776-4011-9A92-C2B0B0CD3410}"
EndProject
Project("{FAE04EC0-301F-11D3-BF4B-00C04F79EFBC}") = "UnitTestProject1", "UnitTestProject1\UnitTestProject1.csproj", "{7DA81ED6-3EA1-4D3B-95AE-645D39B79C46}"
EndProject
Global
	GlobalSection(SolutionConfigurationPlatforms) = preSolution
		Debug|Any CPU = Debug|Any CPU
		Release|Any CPU = Release|Any CPU
	EndGlobalSection
	GlobalSection(ProjectConfigurationPlatforms) = postSolution
		{BF99CA9A-B776-4011-9A92-C2B0B0CD3410}.Debug|Any CPU.ActiveCfg = Debug|Any CPU
		{BF99CA9A-B776-4011-9A92-C2B0B0CD3410}.Debug|Any CPU.Build.0 = Debug|Any CPU
		{BF99CA9A-B776-4011-9A92-C2B0B0CD3410}.Release|Any CPU.ActiveCfg = Release|Any CPU
		{BF99CA9A-B776-4011-9A92-C2B0B0CD3410}.Release|Any CPU.Build.0 = Release|Any CPU
		{7DA81ED6-3EA1-4D3B-95AE-645D39B79C46}.Debug|Any CPU.ActiveCfg = Debug|Any CPU
		{7DA81ED6-3EA1-4D3B-95AE-645D39B79C46}.Debug|Any CPU.Build.0 = Debug|Any CPU
		{7DA81ED6-3EA1-4D3B-95AE-645D39B79C46}.Release|Any CPU.ActiveCfg = Release|Any CPU
		{7DA81ED6-3EA1-4D3B-95AE-645D39B79C46}.Release|Any CPU.Build.0 = Release|Any CPU
	EndGlobalSection
	GlobalSection(SolutionProperties) = preSolution
		HideSolutionNode = FALSE
	EndGlobalSection
	GlobalSection(ExtensibilityGlobals) = postSolution
		SolutionGuid = {B38DAE33-12A4-4D98-B6CB-245072C00CDF}
	EndGlobalSection
EndGlobal
