
Microsoft Visual Studio Solution File, Format Version 12.00
# Visual Studio Version 17
VisualStudioVersion = 17.1.32407.343
MinimumVisualStudioVersion = 10.0.40219.1
Project("{FAE04EC0-301F-11D3-BF4B-00C04F79EFBC}") = "PictureBox", "PictureBox\PictureBox.csproj", "{13FE1549-C606-4C8B-A84D-B6D380107775}"
EndProject
Global
	GlobalSection(SolutionConfigurationPlatforms) = preSolution
		Debug|Any CPU = Debug|Any CPU
		Release|Any CPU = Release|Any CPU
	EndGlobalSection
	GlobalSection(ProjectConfigurationPlatforms) = postSolution
		{13FE1549-C606-4C8B-A84D-B6D380107775}.Debug|Any CPU.ActiveCfg = Debug|Any CPU
		{13FE1549-C606-4C8B-A84D-B6D380107775}.Debug|Any CPU.Build.0 = Debug|Any CPU
		{13FE1549-C606-4C8B-A84D-B6D380107775}.Release|Any CPU.ActiveCfg = Release|Any CPU
		{13FE1549-C606-4C8B-A84D-B6D380107775}.Release|Any CPU.Build.0 = Release|Any CPU
	EndGlobalSection
	GlobalSection(SolutionProperties) = preSolution
		HideSolutionNode = FALSE
	EndGlobalSection
	GlobalSection(ExtensibilityGlobals) = postSolution
		SolutionGuid = {EB7D5663-295B-4B2F-A544-18E9B45A79A7}
	EndGlobalSection
EndGlobal
