
Microsoft Visual Studio Solution File, Format Version 12.00
# Visual Studio Version 17
VisualStudioVersion = 17.2.32616.157
MinimumVisualStudioVersion = 10.0.40219.1
Project("{FAE04EC0-301F-11D3-BF4B-00C04F79EFBC}") = "Relations", "Relations\Relations.csproj", "{840A58E4-37F4-4633-BE91-E31D195BDAF5}"
EndProject
Global
	GlobalSection(SolutionConfigurationPlatforms) = preSolution
		Debug|Any CPU = Debug|Any CPU
		Release|Any CPU = Release|Any CPU
	EndGlobalSection
	GlobalSection(ProjectConfigurationPlatforms) = postSolution
		{840A58E4-37F4-4633-BE91-E31D195BDAF5}.Debug|Any CPU.ActiveCfg = Debug|Any CPU
		{840A58E4-37F4-4633-BE91-E31D195BDAF5}.Debug|Any CPU.Build.0 = Debug|Any CPU
		{840A58E4-37F4-4633-BE91-E31D195BDAF5}.Release|Any CPU.ActiveCfg = Release|Any CPU
		{840A58E4-37F4-4633-BE91-E31D195BDAF5}.Release|Any CPU.Build.0 = Release|Any CPU
	EndGlobalSection
	GlobalSection(SolutionProperties) = preSolution
		HideSolutionNode = FALSE
	EndGlobalSection
	GlobalSection(ExtensibilityGlobals) = postSolution
		SolutionGuid = {D9EED203-FF4D-4AEC-A942-EBFA49F2BE07}
	EndGlobalSection
EndGlobal
