
Microsoft Visual Studio Solution File, Format Version 12.00
# Visual Studio Version 17
VisualStudioVersion = 17.1.32210.238
MinimumVisualStudioVersion = 10.0.40219.1
Project("{FAE04EC0-301F-11D3-BF4B-00C04F79EFBC}") = "學生", "學生\學生.csproj", "{49F92CAF-FE02-4F47-84BF-9282E991AB6C}"
EndProject
Global
	GlobalSection(SolutionConfigurationPlatforms) = preSolution
		Debug|Any CPU = Debug|Any CPU
		Release|Any CPU = Release|Any CPU
	EndGlobalSection
	GlobalSection(ProjectConfigurationPlatforms) = postSolution
		{49F92CAF-FE02-4F47-84BF-9282E991AB6C}.Debug|Any CPU.ActiveCfg = Debug|Any CPU
		{49F92CAF-FE02-4F47-84BF-9282E991AB6C}.Debug|Any CPU.Build.0 = Debug|Any CPU
		{49F92CAF-FE02-4F47-84BF-9282E991AB6C}.Release|Any CPU.ActiveCfg = Release|Any CPU
		{49F92CAF-FE02-4F47-84BF-9282E991AB6C}.Release|Any CPU.Build.0 = Release|Any CPU
	EndGlobalSection
	GlobalSection(SolutionProperties) = preSolution
		HideSolutionNode = FALSE
	EndGlobalSection
	GlobalSection(ExtensibilityGlobals) = postSolution
		SolutionGuid = {25F98838-1AC3-4E12-8FBB-BB9047D4794A}
	EndGlobalSection
EndGlobal
