
Microsoft Visual Studio Solution File, Format Version 12.00
# Visual Studio Version 17
VisualStudioVersion = 17.1.32407.343
MinimumVisualStudioVersion = 10.0.40219.1
Project("{FAE04EC0-301F-11D3-BF4B-00C04F79EFBC}") = "ImageList", "ImageList\ImageList.csproj", "{1889354B-9F0E-4E7E-8A3F-9836C4AF757F}"
EndProject
Global
	GlobalSection(SolutionConfigurationPlatforms) = preSolution
		Debug|Any CPU = Debug|Any CPU
		Release|Any CPU = Release|Any CPU
	EndGlobalSection
	GlobalSection(ProjectConfigurationPlatforms) = postSolution
		{1889354B-9F0E-4E7E-8A3F-9836C4AF757F}.Debug|Any CPU.ActiveCfg = Debug|Any CPU
		{1889354B-9F0E-4E7E-8A3F-9836C4AF757F}.Debug|Any CPU.Build.0 = Debug|Any CPU
		{1889354B-9F0E-4E7E-8A3F-9836C4AF757F}.Release|Any CPU.ActiveCfg = Release|Any CPU
		{1889354B-9F0E-4E7E-8A3F-9836C4AF757F}.Release|Any CPU.Build.0 = Release|Any CPU
	EndGlobalSection
	GlobalSection(SolutionProperties) = preSolution
		HideSolutionNode = FALSE
	EndGlobalSection
	GlobalSection(ExtensibilityGlobals) = postSolution
		SolutionGuid = {8D06435B-14ED-4F13-8806-B7A93F265743}
	EndGlobalSection
EndGlobal
