
Microsoft Visual Studio Solution File, Format Version 12.00
# Visual Studio Version 17
VisualStudioVersion = 17.2.32616.157
MinimumVisualStudioVersion = 10.0.40219.1
Project("{FAE04EC0-301F-11D3-BF4B-00C04F79EFBC}") = "WinWavPlayer", "WinWavPlayer\WinWavPlayer.csproj", "{8DF06514-A9AE-4F34-981E-29ECF46A13EA}"
EndProject
Global
	GlobalSection(SolutionConfigurationPlatforms) = preSolution
		Debug|Any CPU = Debug|Any CPU
		Release|Any CPU = Release|Any CPU
	EndGlobalSection
	GlobalSection(ProjectConfigurationPlatforms) = postSolution
		{8DF06514-A9AE-4F34-981E-29ECF46A13EA}.Debug|Any CPU.ActiveCfg = Debug|Any CPU
		{8DF06514-A9AE-4F34-981E-29ECF46A13EA}.Debug|Any CPU.Build.0 = Debug|Any CPU
		{8DF06514-A9AE-4F34-981E-29ECF46A13EA}.Release|Any CPU.ActiveCfg = Release|Any CPU
		{8DF06514-A9AE-4F34-981E-29ECF46A13EA}.Release|Any CPU.Build.0 = Release|Any CPU
	EndGlobalSection
	GlobalSection(SolutionProperties) = preSolution
		HideSolutionNode = FALSE
	EndGlobalSection
	GlobalSection(ExtensibilityGlobals) = postSolution
		SolutionGuid = {5CC3A33A-548B-45F7-9759-4452AAE7DB32}
	EndGlobalSection
EndGlobal
