
Microsoft Visual Studio Solution File, Format Version 12.00
# Visual Studio Version 17
VisualStudioVersion = 17.1.32407.343
MinimumVisualStudioVersion = 10.0.40219.1
Project("{FAE04EC0-301F-11D3-BF4B-00C04F79EFBC}") = "出題", "出題\出題.csproj", "{2F76EB36-2F3D-4F99-8A0F-304DEEB25AB5}"
EndProject
Global
	GlobalSection(SolutionConfigurationPlatforms) = preSolution
		Debug|Any CPU = Debug|Any CPU
		Release|Any CPU = Release|Any CPU
	EndGlobalSection
	GlobalSection(ProjectConfigurationPlatforms) = postSolution
		{2F76EB36-2F3D-4F99-8A0F-304DEEB25AB5}.Debug|Any CPU.ActiveCfg = Debug|Any CPU
		{2F76EB36-2F3D-4F99-8A0F-304DEEB25AB5}.Debug|Any CPU.Build.0 = Debug|Any CPU
		{2F76EB36-2F3D-4F99-8A0F-304DEEB25AB5}.Release|Any CPU.ActiveCfg = Release|Any CPU
		{2F76EB36-2F3D-4F99-8A0F-304DEEB25AB5}.Release|Any CPU.Build.0 = Release|Any CPU
	EndGlobalSection
	GlobalSection(SolutionProperties) = preSolution
		HideSolutionNode = FALSE
	EndGlobalSection
	GlobalSection(ExtensibilityGlobals) = postSolution
		SolutionGuid = {6617E7BD-5FF1-45CC-B506-9B36CE02FB1E}
	EndGlobalSection
EndGlobal
