
Microsoft Visual Studio Solution File, Format Version 12.00
# Visual Studio Version 17
VisualStudioVersion = 17.1.32407.343
MinimumVisualStudioVersion = 10.0.40219.1
Project("{FAE04EC0-301F-11D3-BF4B-00C04F79EFBC}") = "color", "color\color.csproj", "{08420FCC-5084-43ED-8B6D-8214415941D0}"
EndProject
Global
	GlobalSection(SolutionConfigurationPlatforms) = preSolution
		Debug|Any CPU = Debug|Any CPU
		Release|Any CPU = Release|Any CPU
	EndGlobalSection
	GlobalSection(ProjectConfigurationPlatforms) = postSolution
		{08420FCC-5084-43ED-8B6D-8214415941D0}.Debug|Any CPU.ActiveCfg = Debug|Any CPU
		{08420FCC-5084-43ED-8B6D-8214415941D0}.Debug|Any CPU.Build.0 = Debug|Any CPU
		{08420FCC-5084-43ED-8B6D-8214415941D0}.Release|Any CPU.ActiveCfg = Release|Any CPU
		{08420FCC-5084-43ED-8B6D-8214415941D0}.Release|Any CPU.Build.0 = Release|Any CPU
	EndGlobalSection
	GlobalSection(SolutionProperties) = preSolution
		HideSolutionNode = FALSE
	EndGlobalSection
	GlobalSection(ExtensibilityGlobals) = postSolution
		SolutionGuid = {B4D7AD8A-FDD5-4CF0-A023-D129E560308C}
	EndGlobalSection
EndGlobal
