
Microsoft Visual Studio Solution File, Format Version 12.00
# Visual Studio Version 17
VisualStudioVersion = 17.3.32929.385
MinimumVisualStudioVersion = 10.0.40219.1
Project("{FAE04EC0-301F-11D3-BF4B-00C04F79EFBC}") = "_directory", "_directory\_directory.csproj", "{D73BBF42-22BA-45BB-B831-AED38B173242}"
EndProject
Global
	GlobalSection(SolutionConfigurationPlatforms) = preSolution
		Debug|Any CPU = Debug|Any CPU
		Release|Any CPU = Release|Any CPU
	EndGlobalSection
	GlobalSection(ProjectConfigurationPlatforms) = postSolution
		{D73BBF42-22BA-45BB-B831-AED38B173242}.Debug|Any CPU.ActiveCfg = Debug|Any CPU
		{D73BBF42-22BA-45BB-B831-AED38B173242}.Debug|Any CPU.Build.0 = Debug|Any CPU
		{D73BBF42-22BA-45BB-B831-AED38B173242}.Release|Any CPU.ActiveCfg = Release|Any CPU
		{D73BBF42-22BA-45BB-B831-AED38B173242}.Release|Any CPU.Build.0 = Release|Any CPU
	EndGlobalSection
	GlobalSection(SolutionProperties) = preSolution
		HideSolutionNode = FALSE
	EndGlobalSection
	GlobalSection(ExtensibilityGlobals) = postSolution
		SolutionGuid = {82224834-5E58-4FE9-BACF-786B0F4A85BA}
	EndGlobalSection
EndGlobal
