
Microsoft Visual Studio Solution File, Format Version 12.00
# Visual Studio Version 17
VisualStudioVersion = 17.1.32210.238
MinimumVisualStudioVersion = 10.0.40219.1
Project("{FAE04EC0-301F-11D3-BF4B-00C04F79EFBC}") = "井字遊戲", "井字遊戲\井字遊戲.csproj", "{E6CAA2FE-3590-49D8-AD00-A280F4F36E17}"
EndProject
Global
	GlobalSection(SolutionConfigurationPlatforms) = preSolution
		Debug|Any CPU = Debug|Any CPU
		Release|Any CPU = Release|Any CPU
	EndGlobalSection
	GlobalSection(ProjectConfigurationPlatforms) = postSolution
		{E6CAA2FE-3590-49D8-AD00-A280F4F36E17}.Debug|Any CPU.ActiveCfg = Debug|Any CPU
		{E6CAA2FE-3590-49D8-AD00-A280F4F36E17}.Debug|Any CPU.Build.0 = Debug|Any CPU
		{E6CAA2FE-3590-49D8-AD00-A280F4F36E17}.Release|Any CPU.ActiveCfg = Release|Any CPU
		{E6CAA2FE-3590-49D8-AD00-A280F4F36E17}.Release|Any CPU.Build.0 = Release|Any CPU
	EndGlobalSection
	GlobalSection(SolutionProperties) = preSolution
		HideSolutionNode = FALSE
	EndGlobalSection
	GlobalSection(ExtensibilityGlobals) = postSolution
		SolutionGuid = {381F4058-D42E-460A-B5B1-627033B8259B}
	EndGlobalSection
EndGlobal
