
Microsoft Visual Studio Solution File, Format Version 12.00
# Visual Studio Version 17
VisualStudioVersion = 17.1.32210.238
MinimumVisualStudioVersion = 10.0.40219.1
Project("{FAE04EC0-301F-11D3-BF4B-00C04F79EFBC}") = "DemoForm1", "DemoForm1\DemoForm1.csproj", "{DD90ECB7-E2AA-4D29-9828-84D8B968DE0A}"
EndProject
Global
	GlobalSection(SolutionConfigurationPlatforms) = preSolution
		Debug|Any CPU = Debug|Any CPU
		Release|Any CPU = Release|Any CPU
	EndGlobalSection
	GlobalSection(ProjectConfigurationPlatforms) = postSolution
		{DD90ECB7-E2AA-4D29-9828-84D8B968DE0A}.Debug|Any CPU.ActiveCfg = Debug|Any CPU
		{DD90ECB7-E2AA-4D29-9828-84D8B968DE0A}.Debug|Any CPU.Build.0 = Debug|Any CPU
		{DD90ECB7-E2AA-4D29-9828-84D8B968DE0A}.Release|Any CPU.ActiveCfg = Release|Any CPU
		{DD90ECB7-E2AA-4D29-9828-84D8B968DE0A}.Release|Any CPU.Build.0 = Release|Any CPU
	EndGlobalSection
	GlobalSection(SolutionProperties) = preSolution
		HideSolutionNode = FALSE
	EndGlobalSection
	GlobalSection(ExtensibilityGlobals) = postSolution
		SolutionGuid = {ED8F4836-6DF5-4455-83B6-C4B094125989}
	EndGlobalSection
EndGlobal
