
Microsoft Visual Studio Solution File, Format Version 12.00
# Visual Studio Version 17
VisualStudioVersion = 17.3.32929.385
MinimumVisualStudioVersion = 10.0.40219.1
Project("{FAE04EC0-301F-11D3-BF4B-00C04F79EFBC}") = "WMP", "WMP\WMP.csproj", "{94EB8D7B-282F-4E53-ABF6-53E47A1FEB53}"
EndProject
Global
	GlobalSection(SolutionConfigurationPlatforms) = preSolution
		Debug|Any CPU = Debug|Any CPU
		Release|Any CPU = Release|Any CPU
	EndGlobalSection
	GlobalSection(ProjectConfigurationPlatforms) = postSolution
		{94EB8D7B-282F-4E53-ABF6-53E47A1FEB53}.Debug|Any CPU.ActiveCfg = Debug|Any CPU
		{94EB8D7B-282F-4E53-ABF6-53E47A1FEB53}.Debug|Any CPU.Build.0 = Debug|Any CPU
		{94EB8D7B-282F-4E53-ABF6-53E47A1FEB53}.Release|Any CPU.ActiveCfg = Release|Any CPU
		{94EB8D7B-282F-4E53-ABF6-53E47A1FEB53}.Release|Any CPU.Build.0 = Release|Any CPU
	EndGlobalSection
	GlobalSection(SolutionProperties) = preSolution
		HideSolutionNode = FALSE
	EndGlobalSection
	GlobalSection(ExtensibilityGlobals) = postSolution
		SolutionGuid = {5555C25B-F2B0-420C-BAA9-C3FF8AA092C9}
	EndGlobalSection
EndGlobal
