
Microsoft Visual Studio Solution File, Format Version 12.00
# Visual Studio Version 17
VisualStudioVersion = 17.2.32616.157
MinimumVisualStudioVersion = 10.0.40219.1
Project("{FAE04EC0-301F-11D3-BF4B-00C04F79EFBC}") = "struct_basicform", "struct_basicform\struct_basicform.csproj", "{FBF8F133-21A9-4FDC-B9FA-F6BC74FF7660}"
EndProject
Global
	GlobalSection(SolutionConfigurationPlatforms) = preSolution
		Debug|Any CPU = Debug|Any CPU
		Release|Any CPU = Release|Any CPU
	EndGlobalSection
	GlobalSection(ProjectConfigurationPlatforms) = postSolution
		{FBF8F133-21A9-4FDC-B9FA-F6BC74FF7660}.Debug|Any CPU.ActiveCfg = Debug|Any CPU
		{FBF8F133-21A9-4FDC-B9FA-F6BC74FF7660}.Debug|Any CPU.Build.0 = Debug|Any CPU
		{FBF8F133-21A9-4FDC-B9FA-F6BC74FF7660}.Release|Any CPU.ActiveCfg = Release|Any CPU
		{FBF8F133-21A9-4FDC-B9FA-F6BC74FF7660}.Release|Any CPU.Build.0 = Release|Any CPU
	EndGlobalSection
	GlobalSection(SolutionProperties) = preSolution
		HideSolutionNode = FALSE
	EndGlobalSection
	GlobalSection(ExtensibilityGlobals) = postSolution
		SolutionGuid = {E47DF279-2FF6-4D4E-8A42-0357A8F2EE1B}
	EndGlobalSection
EndGlobal
